
Microsoft Visual Studio Solution File, Format Version 12.00
# Visual Studio 14
VisualStudioVersion = 14.0.23107.0
MinimumVisualStudioVersion = 10.0.40219.1
Project("{FAE04EC0-301F-11D3-BF4B-00C04F79EFBC}") = "زياد عبده احمد محمد ابوراس 5", "زياد عبده احمد محمد ابوراس 5\زياد عبده احمد محمد ابوراس 5.csproj", "{9661AED9-9463-4837-AB37-01CC386BE2D6}"
EndProject
Global
	GlobalSection(SolutionConfigurationPlatforms) = preSolution
		Debug|Any CPU = Debug|Any CPU
		Release|Any CPU = Release|Any CPU
	EndGlobalSection
	GlobalSection(ProjectConfigurationPlatforms) = postSolution
		{9661AED9-9463-4837-AB37-01CC386BE2D6}.Debug|Any CPU.ActiveCfg = Debug|Any CPU
		{9661AED9-9463-4837-AB37-01CC386BE2D6}.Debug|Any CPU.Build.0 = Debug|Any CPU
		{9661AED9-9463-4837-AB37-01CC386BE2D6}.Release|Any CPU.ActiveCfg = Release|Any CPU
		{9661AED9-9463-4837-AB37-01CC386BE2D6}.Release|Any CPU.Build.0 = Release|Any CPU
	EndGlobalSection
	GlobalSection(SolutionProperties) = preSolution
		HideSolutionNode = FALSE
	EndGlobalSection
EndGlobal
