
Microsoft Visual Studio Solution File, Format Version 10.00
# Visual Studio 2008
Project("{FAE04EC0-301F-11D3-BF4B-00C04F79EFBC}") = "زياد عبده احمد محمد ابوراس 4", "زياد عبده احمد محمد ابوراس 4\زياد عبده احمد محمد ابوراس 4.csproj", "{F558ED4E-F248-4576-89E0-D85B524DFBEE}"
EndProject
Global
	GlobalSection(SolutionConfigurationPlatforms) = preSolution
		Debug|Any CPU = Debug|Any CPU
		Release|Any CPU = Release|Any CPU
	EndGlobalSection
	GlobalSection(ProjectConfigurationPlatforms) = postSolution
		{F558ED4E-F248-4576-89E0-D85B524DFBEE}.Debug|Any CPU.ActiveCfg = Debug|Any CPU
		{F558ED4E-F248-4576-89E0-D85B524DFBEE}.Debug|Any CPU.Build.0 = Debug|Any CPU
		{F558ED4E-F248-4576-89E0-D85B524DFBEE}.Release|Any CPU.ActiveCfg = Release|Any CPU
		{F558ED4E-F248-4576-89E0-D85B524DFBEE}.Release|Any CPU.Build.0 = Release|Any CPU
	EndGlobalSection
	GlobalSection(SolutionProperties) = preSolution
		HideSolutionNode = FALSE
	EndGlobalSection
EndGlobal
